// !$*UTF8*$!
{
	archiveVersion = 1;
	classes = {
	};
	objectVersion = 50;
	objects = {

/* Begin PBXBuildFile section */
		6475B2EC222AD05600FE7E72 /* UICollectionReusableView+Identifier.swift in Sources */ = {isa = PBXBuildFile; fileRef = 6475B2EB222AD05600FE7E72 /* UICollectionReusableView+Identifier.swift */; };
		6475B2EE222AD08200FE7E72 /* UICollectionView+DequeueReusable.swift in Sources */ = {isa = PBXBuildFile; fileRef = 6475B2ED222AD08200FE7E72 /* UICollectionView+DequeueReusable.swift */; };
		6475B2F0222ADA6F00FE7E72 /* UIViewController+NVActivityIndicatorView.swift in Sources */ = {isa = PBXBuildFile; fileRef = 6475B2EF222ADA6F00FE7E72 /* UIViewController+NVActivityIndicatorView.swift */; };
		6475B2F2222AE17300FE7E72 /* UIImageView+Nuke.swift in Sources */ = {isa = PBXBuildFile; fileRef = 6475B2F1222AE17300FE7E72 /* UIImageView+Nuke.swift */; };
		6475B2F6222AED1400FE7E72 /* PhotosPrefetcher.swift in Sources */ = {isa = PBXBuildFile; fileRef = 6475B2F5222AED1400FE7E72 /* PhotosPrefetcher.swift */; };
		648B105B2226FD2D0011F205 /* PhotosViewController.swift in Sources */ = {isa = PBXBuildFile; fileRef = 648B105A2226FD2D0011F205 /* PhotosViewController.swift */; };
		648B105D2226FD390011F205 /* PhotosViewController.storyboard in Resources */ = {isa = PBXBuildFile; fileRef = 648B105C2226FD390011F205 /* PhotosViewController.storyboard */; };
		648B10602226FDC00011F205 /* PhotoCollectionViewCell.swift in Sources */ = {isa = PBXBuildFile; fileRef = 648B105F2226FDC00011F205 /* PhotoCollectionViewCell.swift */; };
		64D53CB72225A46F00300A97 /* AppDelegate.swift in Sources */ = {isa = PBXBuildFile; fileRef = 64D53CB62225A46F00300A97 /* AppDelegate.swift */; };
		64D53CBE2225A47100300A97 /* Assets.xcassets in Resources */ = {isa = PBXBuildFile; fileRef = 64D53CBD2225A47100300A97 /* Assets.xcassets */; };
		64D53CC12225A47100300A97 /* LaunchScreen.storyboard in Resources */ = {isa = PBXBuildFile; fileRef = 64D53CBF2225A47100300A97 /* LaunchScreen.storyboard */; };
		64D53CCC2225A47100300A97 /* iOSCollectionViewDemoAppTests.swift in Sources */ = {isa = PBXBuildFile; fileRef = 64D53CCB2225A47100300A97 /* iOSCollectionViewDemoAppTests.swift */; };
		64D53CD72225A47100300A97 /* iOSCollectionViewDemoAppUITests.swift in Sources */ = {isa = PBXBuildFile; fileRef = 64D53CD62225A47100300A97 /* iOSCollectionViewDemoAppUITests.swift */; };
		64D53CE82225A74200300A97 /* Nuke.framework in Frameworks */ = {isa = PBXBuildFile; fileRef = 64D53CE62225A74200300A97 /* Nuke.framework */; };
		64D53CE92225A74200300A97 /* Alamofire.framework in Frameworks */ = {isa = PBXBuildFile; fileRef = 64D53CE72225A74200300A97 /* Alamofire.framework */; };
		64D53CEC2225A91B00300A97 /* NVActivityIndicatorView.framework in Frameworks */ = {isa = PBXBuildFile; fileRef = 64D53CEB2225A91B00300A97 /* NVActivityIndicatorView.framework */; };
		64D53CF32225A98500300A97 /* MultipartRequest.swift in Sources */ = {isa = PBXBuildFile; fileRef = 64D53CEE2225A98500300A97 /* MultipartRequest.swift */; };
		64D53CF42225A98500300A97 /* APIClient.swift in Sources */ = {isa = PBXBuildFile; fileRef = 64D53CEF2225A98500300A97 /* APIClient.swift */; };
		64D53CF62225A98500300A97 /* MultipartRequestContent.swift in Sources */ = {isa = PBXBuildFile; fileRef = 64D53CF12225A98500300A97 /* MultipartRequestContent.swift */; };
		64D53CF72225A98500300A97 /* APIRequest.swift in Sources */ = {isa = PBXBuildFile; fileRef = 64D53CF22225A98500300A97 /* APIRequest.swift */; };
		64D53CFC2225AFC500300A97 /* PhotoSearchRequest.swift in Sources */ = {isa = PBXBuildFile; fileRef = 64D53CFB2225AFC500300A97 /* PhotoSearchRequest.swift */; };
		64D53CFE2225B3AC00300A97 /* PhotoSearchResponse.swift in Sources */ = {isa = PBXBuildFile; fileRef = 64D53CFD2225B3AB00300A97 /* PhotoSearchResponse.swift */; };
/* End PBXBuildFile section */

/* Begin PBXContainerItemProxy section */
		64D53CC82225A47100300A97 /* PBXContainerItemProxy */ = {
			isa = PBXContainerItemProxy;
			containerPortal = 64D53CAB2225A46F00300A97 /* Project object */;
			proxyType = 1;
			remoteGlobalIDString = 64D53CB22225A46F00300A97;
			remoteInfo = iOSCollectionViewDemoApp;
		};
		64D53CD32225A47100300A97 /* PBXContainerItemProxy */ = {
			isa = PBXContainerItemProxy;
			containerPortal = 64D53CAB2225A46F00300A97 /* Project object */;
			proxyType = 1;
			remoteGlobalIDString = 64D53CB22225A46F00300A97;
			remoteInfo = iOSCollectionViewDemoApp;
		};
/* End PBXContainerItemProxy section */

/* Begin PBXFileReference section */
		6475B2EB222AD05600FE7E72 /* UICollectionReusableView+Identifier.swift */ = {isa = PBXFileReference; lastKnownFileType = sourcecode.swift; path = "UICollectionReusableView+Identifier.swift"; sourceTree = "<group>"; };
		6475B2ED222AD08200FE7E72 /* UICollectionView+DequeueReusable.swift */ = {isa = PBXFileReference; lastKnownFileType = sourcecode.swift; path = "UICollectionView+DequeueReusable.swift"; sourceTree = "<group>"; };
		6475B2EF222ADA6F00FE7E72 /* UIViewController+NVActivityIndicatorView.swift */ = {isa = PBXFileReference; lastKnownFileType = sourcecode.swift; path = "UIViewController+NVActivityIndicatorView.swift"; sourceTree = "<group>"; };
		6475B2F1222AE17300FE7E72 /* UIImageView+Nuke.swift */ = {isa = PBXFileReference; lastKnownFileType = sourcecode.swift; path = "UIImageView+Nuke.swift"; sourceTree = "<group>"; };
		6475B2F5222AED1400FE7E72 /* PhotosPrefetcher.swift */ = {isa = PBXFileReference; lastKnownFileType = sourcecode.swift; path = PhotosPrefetcher.swift; sourceTree = "<group>"; };
		648B105A2226FD2D0011F205 /* PhotosViewController.swift */ = {isa = PBXFileReference; lastKnownFileType = sourcecode.swift; path = PhotosViewController.swift; sourceTree = "<group>"; };
		648B105C2226FD390011F205 /* PhotosViewController.storyboard */ = {isa = PBXFileReference; lastKnownFileType = file.storyboard; path = PhotosViewController.storyboard; sourceTree = "<group>"; };
		648B105F2226FDC00011F205 /* PhotoCollectionViewCell.swift */ = {isa = PBXFileReference; lastKnownFileType = sourcecode.swift; path = PhotoCollectionViewCell.swift; sourceTree = "<group>"; };
		64D53CB32225A46F00300A97 /* iOSCollectionViewDemoApp.app */ = {isa = PBXFileReference; explicitFileType = wrapper.application; includeInIndex = 0; path = iOSCollectionViewDemoApp.app; sourceTree = BUILT_PRODUCTS_DIR; };
		64D53CB62225A46F00300A97 /* AppDelegate.swift */ = {isa = PBXFileReference; lastKnownFileType = sourcecode.swift; path = AppDelegate.swift; sourceTree = "<group>"; };
		64D53CBD2225A47100300A97 /* Assets.xcassets */ = {isa = PBXFileReference; lastKnownFileType = folder.assetcatalog; path = Assets.xcassets; sourceTree = "<group>"; };
		64D53CC02225A47100300A97 /* Base */ = {isa = PBXFileReference; lastKnownFileType = file.storyboard; name = Base; path = Base.lproj/LaunchScreen.storyboard; sourceTree = "<group>"; };
		64D53CC22225A47100300A97 /* Info.plist */ = {isa = PBXFileReference; lastKnownFileType = text.plist.xml; path = Info.plist; sourceTree = "<group>"; };
		64D53CC72225A47100300A97 /* iOSCollectionViewDemoAppTests.xctest */ = {isa = PBXFileReference; explicitFileType = wrapper.cfbundle; includeInIndex = 0; path = iOSCollectionViewDemoAppTests.xctest; sourceTree = BUILT_PRODUCTS_DIR; };
		64D53CCB2225A47100300A97 /* iOSCollectionViewDemoAppTests.swift */ = {isa = PBXFileReference; lastKnownFileType = sourcecode.swift; path = iOSCollectionViewDemoAppTests.swift; sourceTree = "<group>"; };
		64D53CCD2225A47100300A97 /* Info.plist */ = {isa = PBXFileReference; lastKnownFileType = text.plist.xml; path = Info.plist; sourceTree = "<group>"; };
		64D53CD22225A47100300A97 /* iOSCollectionViewDemoAppUITests.xctest */ = {isa = PBXFileReference; explicitFileType = wrapper.cfbundle; includeInIndex = 0; path = iOSCollectionViewDemoAppUITests.xctest; sourceTree = BUILT_PRODUCTS_DIR; };
		64D53CD62225A47100300A97 /* iOSCollectionViewDemoAppUITests.swift */ = {isa = PBXFileReference; lastKnownFileType = sourcecode.swift; path = iOSCollectionViewDemoAppUITests.swift; sourceTree = "<group>"; };
		64D53CD82225A47100300A97 /* Info.plist */ = {isa = PBXFileReference; lastKnownFileType = text.plist.xml; path = Info.plist; sourceTree = "<group>"; };
		64D53CE62225A74200300A97 /* Nuke.framework */ = {isa = PBXFileReference; lastKnownFileType = wrapper.framework; name = Nuke.framework; path = Carthage/Build/iOS/Nuke.framework; sourceTree = "<group>"; };
		64D53CE72225A74200300A97 /* Alamofire.framework */ = {isa = PBXFileReference; lastKnownFileType = wrapper.framework; name = Alamofire.framework; path = Carthage/Build/iOS/Alamofire.framework; sourceTree = "<group>"; };
		64D53CEB2225A91B00300A97 /* NVActivityIndicatorView.framework */ = {isa = PBXFileReference; lastKnownFileType = wrapper.framework; name = NVActivityIndicatorView.framework; path = Carthage/Build/iOS/NVActivityIndicatorView.framework; sourceTree = "<group>"; };
		64D53CEE2225A98500300A97 /* MultipartRequest.swift */ = {isa = PBXFileReference; lastKnownFileType = sourcecode.swift; path = MultipartRequest.swift; sourceTree = "<group>"; };
		64D53CEF2225A98500300A97 /* APIClient.swift */ = {isa = PBXFileReference; lastKnownFileType = sourcecode.swift; path = APIClient.swift; sourceTree = "<group>"; };
		64D53CF12225A98500300A97 /* MultipartRequestContent.swift */ = {isa = PBXFileReference; lastKnownFileType = sourcecode.swift; path = MultipartRequestContent.swift; sourceTree = "<group>"; };
		64D53CF22225A98500300A97 /* APIRequest.swift */ = {isa = PBXFileReference; lastKnownFileType = sourcecode.swift; path = APIRequest.swift; sourceTree = "<group>"; };
		64D53CFB2225AFC500300A97 /* PhotoSearchRequest.swift */ = {isa = PBXFileReference; lastKnownFileType = sourcecode.swift; path = PhotoSearchRequest.swift; sourceTree = "<group>"; };
		64D53CFD2225B3AB00300A97 /* PhotoSearchResponse.swift */ = {isa = PBXFileReference; lastKnownFileType = sourcecode.swift; path = PhotoSearchResponse.swift; sourceTree = "<group>"; };
/* End PBXFileReference section */

/* Begin PBXFrameworksBuildPhase section */
		64D53CB02225A46F00300A97 /* Frameworks */ = {
			isa = PBXFrameworksBuildPhase;
			buildActionMask = 2147483647;
			files = (
				64D53CEC2225A91B00300A97 /* NVActivityIndicatorView.framework in Frameworks */,
				64D53CE82225A74200300A97 /* Nuke.framework in Frameworks */,
				64D53CE92225A74200300A97 /* Alamofire.framework in Frameworks */,
			);
			runOnlyForDeploymentPostprocessing = 0;
		};
		64D53CC42225A47100300A97 /* Frameworks */ = {
			isa = PBXFrameworksBuildPhase;
			buildActionMask = 2147483647;
			files = (
			);
			runOnlyForDeploymentPostprocessing = 0;
		};
		64D53CCF2225A47100300A97 /* Frameworks */ = {
			isa = PBXFrameworksBuildPhase;
			buildActionMask = 2147483647;
			files = (
			);
			runOnlyForDeploymentPostprocessing = 0;
		};
/* End PBXFrameworksBuildPhase section */

/* Begin PBXGroup section */
		6475B2E4222ACF3200FE7E72 /* Others */ = {
			isa = PBXGroup;
			children = (
				64D53CC22225A47100300A97 /* Info.plist */,
				64D53CB62225A46F00300A97 /* AppDelegate.swift */,
				64D53CBD2225A47100300A97 /* Assets.xcassets */,
			);
			name = Others;
			sourceTree = "<group>";
		};
		6475B2E5222ACF3800FE7E72 /* Extensions */ = {
			isa = PBXGroup;
			children = (
				6475B2E8222ACFF300FE7E72 /* UIKit */,
			);
			path = Extensions;
			sourceTree = "<group>";
		};
		6475B2E6222ACF8100FE7E72 /* Photos */ = {
			isa = PBXGroup;
			children = (
				648B105A2226FD2D0011F205 /* PhotosViewController.swift */,
				648B105C2226FD390011F205 /* PhotosViewController.storyboard */,
			);
			path = Photos;
			sourceTree = "<group>";
		};
		6475B2E7222ACF8800FE7E72 /* Startup */ = {
			isa = PBXGroup;
			children = (
				64D53CBF2225A47100300A97 /* LaunchScreen.storyboard */,
			);
			path = Startup;
			sourceTree = "<group>";
		};
		6475B2E8222ACFF300FE7E72 /* UIKit */ = {
			isa = PBXGroup;
			children = (
				6475B2EB222AD05600FE7E72 /* UICollectionReusableView+Identifier.swift */,
				6475B2ED222AD08200FE7E72 /* UICollectionView+DequeueReusable.swift */,
				6475B2EF222ADA6F00FE7E72 /* UIViewController+NVActivityIndicatorView.swift */,
				6475B2F1222AE17300FE7E72 /* UIImageView+Nuke.swift */,
			);
			path = UIKit;
			sourceTree = "<group>";
		};
		648B10592226FD0E0011F205 /* Controllers */ = {
			isa = PBXGroup;
			children = (
				6475B2E7222ACF8800FE7E72 /* Startup */,
				6475B2E6222ACF8100FE7E72 /* Photos */,
			);
			path = Controllers;
			sourceTree = "<group>";
		};
		648B105E2226FDA40011F205 /* Views */ = {
			isa = PBXGroup;
			children = (
				648B105F2226FDC00011F205 /* PhotoCollectionViewCell.swift */,
			);
			path = Views;
			sourceTree = "<group>";
		};
		64D53CAA2225A46F00300A97 = {
			isa = PBXGroup;
			children = (
				64D53CB52225A46F00300A97 /* iOSCollectionViewDemoApp */,
				64D53CCA2225A47100300A97 /* iOSCollectionViewDemoAppTests */,
				64D53CD52225A47100300A97 /* iOSCollectionViewDemoAppUITests */,
				64D53CB42225A46F00300A97 /* Products */,
				64D53CE52225A74100300A97 /* Frameworks */,
			);
			sourceTree = "<group>";
		};
		64D53CB42225A46F00300A97 /* Products */ = {
			isa = PBXGroup;
			children = (
				64D53CB32225A46F00300A97 /* iOSCollectionViewDemoApp.app */,
				64D53CC72225A47100300A97 /* iOSCollectionViewDemoAppTests.xctest */,
				64D53CD22225A47100300A97 /* iOSCollectionViewDemoAppUITests.xctest */,
			);
			name = Products;
			sourceTree = "<group>";
		};
		64D53CB52225A46F00300A97 /* iOSCollectionViewDemoApp */ = {
			isa = PBXGroup;
			children = (
				648B10592226FD0E0011F205 /* Controllers */,
				6475B2E5222ACF3800FE7E72 /* Extensions */,
				64D53CED2225A96C00300A97 /* Helpers */,
				64D53CF82225AD3100300A97 /* Models */,
				6475B2E4222ACF3200FE7E72 /* Others */,
				648B105E2226FDA40011F205 /* Views */,
			);
			path = iOSCollectionViewDemoApp;
			sourceTree = "<group>";
		};
		64D53CCA2225A47100300A97 /* iOSCollectionViewDemoAppTests */ = {
			isa = PBXGroup;
			children = (
				64D53CCB2225A47100300A97 /* iOSCollectionViewDemoAppTests.swift */,
				64D53CCD2225A47100300A97 /* Info.plist */,
			);
			path = iOSCollectionViewDemoAppTests;
			sourceTree = "<group>";
		};
		64D53CD52225A47100300A97 /* iOSCollectionViewDemoAppUITests */ = {
			isa = PBXGroup;
			children = (
				64D53CD62225A47100300A97 /* iOSCollectionViewDemoAppUITests.swift */,
				64D53CD82225A47100300A97 /* Info.plist */,
			);
			path = iOSCollectionViewDemoAppUITests;
			sourceTree = "<group>";
		};
		64D53CE52225A74100300A97 /* Frameworks */ = {
			isa = PBXGroup;
			children = (
				64D53CEB2225A91B00300A97 /* NVActivityIndicatorView.framework */,
				64D53CE72225A74200300A97 /* Alamofire.framework */,
				64D53CE62225A74200300A97 /* Nuke.framework */,
			);
			name = Frameworks;
			sourceTree = "<group>";
		};
		64D53CED2225A96C00300A97 /* Helpers */ = {
			isa = PBXGroup;
			children = (
				64D53CEF2225A98500300A97 /* APIClient.swift */,
				64D53CF22225A98500300A97 /* APIRequest.swift */,
				64D53CEE2225A98500300A97 /* MultipartRequest.swift */,
				64D53CF12225A98500300A97 /* MultipartRequestContent.swift */,
			);
			path = Helpers;
			sourceTree = "<group>";
		};
		64D53CF82225AD3100300A97 /* Models */ = {
			isa = PBXGroup;
			children = (
				64D53CF92225AD4400300A97 /* API */,
				6475B2F5222AED1400FE7E72 /* PhotosPrefetcher.swift */,
			);
			path = Models;
			sourceTree = "<group>";
		};
		64D53CF92225AD4400300A97 /* API */ = {
			isa = PBXGroup;
			children = (
				64D53CFA2225AF9400300A97 /* FlickrAPI */,
			);
			path = API;
			sourceTree = "<group>";
		};
		64D53CFA2225AF9400300A97 /* FlickrAPI */ = {
			isa = PBXGroup;
			children = (
				64D53CFB2225AFC500300A97 /* PhotoSearchRequest.swift */,
				64D53CFD2225B3AB00300A97 /* PhotoSearchResponse.swift */,
			);
			path = FlickrAPI;
			sourceTree = "<group>";
		};
/* End PBXGroup section */

/* Begin PBXNativeTarget section */
		64D53CB22225A46F00300A97 /* iOSCollectionViewDemoApp */ = {
			isa = PBXNativeTarget;
			buildConfigurationList = 64D53CDB2225A47100300A97 /* Build configuration list for PBXNativeTarget "iOSCollectionViewDemoApp" */;
			buildPhases = (
				64D53CAF2225A46F00300A97 /* Sources */,
				64D53CB02225A46F00300A97 /* Frameworks */,
				64D53CB12225A46F00300A97 /* Resources */,
				64D53CE42225A4F900300A97 /* SwiftLint */,
				64D53CEA2225A74A00300A97 /* Carthage */,
			);
			buildRules = (
			);
			dependencies = (
			);
			name = iOSCollectionViewDemoApp;
			productName = iOSCollectionViewDemoApp;
			productReference = 64D53CB32225A46F00300A97 /* iOSCollectionViewDemoApp.app */;
			productType = "com.apple.product-type.application";
		};
		64D53CC62225A47100300A97 /* iOSCollectionViewDemoAppTests */ = {
			isa = PBXNativeTarget;
			buildConfigurationList = 64D53CDE2225A47100300A97 /* Build configuration list for PBXNativeTarget "iOSCollectionViewDemoAppTests" */;
			buildPhases = (
				64D53CC32225A47100300A97 /* Sources */,
				64D53CC42225A47100300A97 /* Frameworks */,
				64D53CC52225A47100300A97 /* Resources */,
			);
			buildRules = (
			);
			dependencies = (
				64D53CC92225A47100300A97 /* PBXTargetDependency */,
			);
			name = iOSCollectionViewDemoAppTests;
			productName = iOSCollectionViewDemoAppTests;
			productReference = 64D53CC72225A47100300A97 /* iOSCollectionViewDemoAppTests.xctest */;
			productType = "com.apple.product-type.bundle.unit-test";
		};
		64D53CD12225A47100300A97 /* iOSCollectionViewDemoAppUITests */ = {
			isa = PBXNativeTarget;
			buildConfigurationList = 64D53CE12225A47100300A97 /* Build configuration list for PBXNativeTarget "iOSCollectionViewDemoAppUITests" */;
			buildPhases = (
				64D53CCE2225A47100300A97 /* Sources */,
				64D53CCF2225A47100300A97 /* Frameworks */,
				64D53CD02225A47100300A97 /* Resources */,
			);
			buildRules = (
			);
			dependencies = (
				64D53CD42225A47100300A97 /* PBXTargetDependency */,
			);
			name = iOSCollectionViewDemoAppUITests;
			productName = iOSCollectionViewDemoAppUITests;
			productReference = 64D53CD22225A47100300A97 /* iOSCollectionViewDemoAppUITests.xctest */;
			productType = "com.apple.product-type.bundle.ui-testing";
		};
/* End PBXNativeTarget section */

/* Begin PBXProject section */
		64D53CAB2225A46F00300A97 /* Project object */ = {
			isa = PBXProject;
			attributes = {
				LastSwiftUpdateCheck = 1010;
				LastUpgradeCheck = 1010;
				ORGANIZATIONNAME = "Yuki Okudera";
				TargetAttributes = {
					64D53CB22225A46F00300A97 = {
						CreatedOnToolsVersion = 10.1;
					};
					64D53CC62225A47100300A97 = {
						CreatedOnToolsVersion = 10.1;
						TestTargetID = 64D53CB22225A46F00300A97;
					};
					64D53CD12225A47100300A97 = {
						CreatedOnToolsVersion = 10.1;
						TestTargetID = 64D53CB22225A46F00300A97;
					};
				};
			};
			buildConfigurationList = 64D53CAE2225A46F00300A97 /* Build configuration list for PBXProject "iOSCollectionViewDemoApp" */;
			compatibilityVersion = "Xcode 9.3";
			developmentRegion = en;
			hasScannedForEncodings = 0;
			knownRegions = (
				en,
				Base,
			);
			mainGroup = 64D53CAA2225A46F00300A97;
			productRefGroup = 64D53CB42225A46F00300A97 /* Products */;
			projectDirPath = "";
			projectRoot = "";
			targets = (
				64D53CB22225A46F00300A97 /* iOSCollectionViewDemoApp */,
				64D53CC62225A47100300A97 /* iOSCollectionViewDemoAppTests */,
				64D53CD12225A47100300A97 /* iOSCollectionViewDemoAppUITests */,
			);
		};
/* End PBXProject section */

/* Begin PBXResourcesBuildPhase section */
		64D53CB12225A46F00300A97 /* Resources */ = {
			isa = PBXResourcesBuildPhase;
			buildActionMask = 2147483647;
			files = (
				64D53CC12225A47100300A97 /* LaunchScreen.storyboard in Resources */,
				64D53CBE2225A47100300A97 /* Assets.xcassets in Resources */,
				648B105D2226FD390011F205 /* PhotosViewController.storyboard in Resources */,
			);
			runOnlyForDeploymentPostprocessing = 0;
		};
		64D53CC52225A47100300A97 /* Resources */ = {
			isa = PBXResourcesBuildPhase;
			buildActionMask = 2147483647;
			files = (
			);
			runOnlyForDeploymentPostprocessing = 0;
		};
		64D53CD02225A47100300A97 /* Resources */ = {
			isa = PBXResourcesBuildPhase;
			buildActionMask = 2147483647;
			files = (
			);
			runOnlyForDeploymentPostprocessing = 0;
		};
/* End PBXResourcesBuildPhase section */

/* Begin PBXShellScriptBuildPhase section */
		64D53CE42225A4F900300A97 /* SwiftLint */ = {
			isa = PBXShellScriptBuildPhase;
			buildActionMask = 2147483647;
			files = (
			);
			inputFileListPaths = (
			);
			inputPaths = (
			);
			name = SwiftLint;
			outputFileListPaths = (
			);
			outputPaths = (
			);
			runOnlyForDeploymentPostprocessing = 0;
			shellPath = /bin/sh;
			shellScript = "if which swiftlint >/dev/null; then\nswiftlint\nelse\necho \"SwiftLint does not exist, download from https://github.com/realm/SwiftLint\"\nfi\n";
		};
		64D53CEA2225A74A00300A97 /* Carthage */ = {
			isa = PBXShellScriptBuildPhase;
			buildActionMask = 2147483647;
			files = (
			);
			inputFileListPaths = (
			);
			inputPaths = (
				"$(SRCROOT)/Carthage/Build/iOS/Alamofire.framework",
				"$(SRCROOT)/Carthage/Build/iOS/Nuke.framework",
				"$(SRCROOT)/Carthage/Build/iOS/NVActivityIndicatorView.framework",
			);
			name = Carthage;
			outputFileListPaths = (
			);
			outputPaths = (
			);
			runOnlyForDeploymentPostprocessing = 0;
			shellPath = /bin/sh;
			shellScript = "/usr/local/bin/carthage copy-frameworks\n";
		};
/* End PBXShellScriptBuildPhase section */

/* Begin PBXSourcesBuildPhase section */
		64D53CAF2225A46F00300A97 /* Sources */ = {
			isa = PBXSourcesBuildPhase;
			buildActionMask = 2147483647;
			files = (
				648B105B2226FD2D0011F205 /* PhotosViewController.swift in Sources */,
				648B10602226FDC00011F205 /* PhotoCollectionViewCell.swift in Sources */,
				6475B2F6222AED1400FE7E72 /* PhotosPrefetcher.swift in Sources */,
				6475B2F0222ADA6F00FE7E72 /* UIViewController+NVActivityIndicatorView.swift in Sources */,
				64D53CF72225A98500300A97 /* APIRequest.swift in Sources */,
				64D53CFC2225AFC500300A97 /* PhotoSearchRequest.swift in Sources */,
				6475B2EC222AD05600FE7E72 /* UICollectionReusableView+Identifier.swift in Sources */,
				64D53CFE2225B3AC00300A97 /* PhotoSearchResponse.swift in Sources */,
				64D53CB72225A46F00300A97 /* AppDelegate.swift in Sources */,
				6475B2EE222AD08200FE7E72 /* UICollectionView+DequeueReusable.swift in Sources */,
				6475B2F2222AE17300FE7E72 /* UIImageView+Nuke.swift in Sources */,
				64D53CF32225A98500300A97 /* MultipartRequest.swift in Sources */,
				64D53CF62225A98500300A97 /* MultipartRequestContent.swift in Sources */,
				64D53CF42225A98500300A97 /* APIClient.swift in Sources */,
			);
			runOnlyForDeploymentPostprocessing = 0;
		};
		64D53CC32225A47100300A97 /* Sources */ = {
			isa = PBXSourcesBuildPhase;
			buildActionMask = 2147483647;
			files = (
				64D53CCC2225A47100300A97 /* iOSCollectionViewDemoAppTests.swift in Sources */,
			);
			runOnlyForDeploymentPostprocessing = 0;
		};
		64D53CCE2225A47100300A97 /* Sources */ = {
			isa = PBXSourcesBuildPhase;
			buildActionMask = 2147483647;
			files = (
				64D53CD72225A47100300A97 /* iOSCollectionViewDemoAppUITests.swift in Sources */,
			);
			runOnlyForDeploymentPostprocessing = 0;
		};
/* End PBXSourcesBuildPhase section */

/* Begin PBXTargetDependency section */
		64D53CC92225A47100300A97 /* PBXTargetDependency */ = {
			isa = PBXTargetDependency;
			target = 64D53CB22225A46F00300A97 /* iOSCollectionViewDemoApp */;
			targetProxy = 64D53CC82225A47100300A97 /* PBXContainerItemProxy */;
		};
		64D53CD42225A47100300A97 /* PBXTargetDependency */ = {
			isa = PBXTargetDependency;
			target = 64D53CB22225A46F00300A97 /* iOSCollectionViewDemoApp */;
			targetProxy = 64D53CD32225A47100300A97 /* PBXContainerItemProxy */;
		};
/* End PBXTargetDependency section */

/* Begin PBXVariantGroup section */
		64D53CBF2225A47100300A97 /* LaunchScreen.storyboard */ = {
			isa = PBXVariantGroup;
			children = (
				64D53CC02225A47100300A97 /* Base */,
			);
			name = LaunchScreen.storyboard;
			sourceTree = "<group>";
		};
/* End PBXVariantGroup section */

/* Begin XCBuildConfiguration section */
		64D53CD92225A47100300A97 /* Debug */ = {
			isa = XCBuildConfiguration;
			buildSettings = {
				ALWAYS_SEARCH_USER_PATHS = NO;
				CLANG_ANALYZER_NONNULL = YES;
				CLANG_ANALYZER_NUMBER_OBJECT_CONVERSION = YES_AGGRESSIVE;
				CLANG_CXX_LANGUAGE_STANDARD = "gnu++14";
				CLANG_CXX_LIBRARY = "libc++";
				CLANG_ENABLE_MODULES = YES;
				CLANG_ENABLE_OBJC_ARC = YES;
				CLANG_ENABLE_OBJC_WEAK = YES;
				CLANG_WARN_BLOCK_CAPTURE_AUTORELEASING = YES;
				CLANG_WARN_BOOL_CONVERSION = YES;
				CLANG_WARN_COMMA = YES;
				CLANG_WARN_CONSTANT_CONVERSION = YES;
				CLANG_WARN_DEPRECATED_OBJC_IMPLEMENTATIONS = YES;
				CLANG_WARN_DIRECT_OBJC_ISA_USAGE = YES_ERROR;
				CLANG_WARN_DOCUMENTATION_COMMENTS = YES;
				CLANG_WARN_EMPTY_BODY = YES;
				CLANG_WARN_ENUM_CONVERSION = YES;
				CLANG_WARN_INFINITE_RECURSION = YES;
				CLANG_WARN_INT_CONVERSION = YES;
				CLANG_WARN_NON_LITERAL_NULL_CONVERSION = YES;
				CLANG_WARN_OBJC_IMPLICIT_RETAIN_SELF = YES;
				CLANG_WARN_OBJC_LITERAL_CONVERSION = YES;
				CLANG_WARN_OBJC_ROOT_CLASS = YES_ERROR;
				CLANG_WARN_RANGE_LOOP_ANALYSIS = YES;
				CLANG_WARN_STRICT_PROTOTYPES = YES;
				CLANG_WARN_SUSPICIOUS_MOVE = YES;
				CLANG_WARN_UNGUARDED_AVAILABILITY = YES_AGGRESSIVE;
				CLANG_WARN_UNREACHABLE_CODE = YES;
				CLANG_WARN__DUPLICATE_METHOD_MATCH = YES;
				CODE_SIGN_IDENTITY = "iPhone Developer";
				COPY_PHASE_STRIP = NO;
				DEBUG_INFORMATION_FORMAT = dwarf;
				ENABLE_STRICT_OBJC_MSGSEND = YES;
				ENABLE_TESTABILITY = YES;
				GCC_C_LANGUAGE_STANDARD = gnu11;
				GCC_DYNAMIC_NO_PIC = NO;
				GCC_NO_COMMON_BLOCKS = YES;
				GCC_OPTIMIZATION_LEVEL = 0;
				GCC_PREPROCESSOR_DEFINITIONS = (
					"DEBUG=1",
					"$(inherited)",
				);
				GCC_WARN_64_TO_32_BIT_CONVERSION = YES;
				GCC_WARN_ABOUT_RETURN_TYPE = YES_ERROR;
				GCC_WARN_UNDECLARED_SELECTOR = YES;
				GCC_WARN_UNINITIALIZED_AUTOS = YES_AGGRESSIVE;
				GCC_WARN_UNUSED_FUNCTION = YES;
				GCC_WARN_UNUSED_VARIABLE = YES;
				IPHONEOS_DEPLOYMENT_TARGET = 12.1;
				MTL_ENABLE_DEBUG_INFO = INCLUDE_SOURCE;
				MTL_FAST_MATH = YES;
				ONLY_ACTIVE_ARCH = YES;
				SDKROOT = iphoneos;
				SWIFT_ACTIVE_COMPILATION_CONDITIONS = DEBUG;
				SWIFT_OPTIMIZATION_LEVEL = "-Onone";
			};
			name = Debug;
		};
		64D53CDA2225A47100300A97 /* Release */ = {
			isa = XCBuildConfiguration;
			buildSettings = {
				ALWAYS_SEARCH_USER_PATHS = NO;
				CLANG_ANALYZER_NONNULL = YES;
				CLANG_ANALYZER_NUMBER_OBJECT_CONVERSION = YES_AGGRESSIVE;
				CLANG_CXX_LANGUAGE_STANDARD = "gnu++14";
				CLANG_CXX_LIBRARY = "libc++";
				CLANG_ENABLE_MODULES = YES;
				CLANG_ENABLE_OBJC_ARC = YES;
				CLANG_ENABLE_OBJC_WEAK = YES;
				CLANG_WARN_BLOCK_CAPTURE_AUTORELEASING = YES;
				CLANG_WARN_BOOL_CONVERSION = YES;
				CLANG_WARN_COMMA = YES;
				CLANG_WARN_CONSTANT_CONVERSION = YES;
				CLANG_WARN_DEPRECATED_OBJC_IMPLEMENTATIONS = YES;
				CLANG_WARN_DIRECT_OBJC_ISA_USAGE = YES_ERROR;
				CLANG_WARN_DOCUMENTATION_COMMENTS = YES;
				CLANG_WARN_EMPTY_BODY = YES;
				CLANG_WARN_ENUM_CONVERSION = YES;
				CLANG_WARN_INFINITE_RECURSION = YES;
				CLANG_WARN_INT_CONVERSION = YES;
				CLANG_WARN_NON_LITERAL_NULL_CONVERSION = YES;
				CLANG_WARN_OBJC_IMPLICIT_RETAIN_SELF = YES;
				CLANG_WARN_OBJC_LITERAL_CONVERSION = YES;
				CLANG_WARN_OBJC_ROOT_CLASS = YES_ERROR;
				CLANG_WARN_RANGE_LOOP_ANALYSIS = YES;
				CLANG_WARN_STRICT_PROTOTYPES = YES;
				CLANG_WARN_SUSPICIOUS_MOVE = YES;
				CLANG_WARN_UNGUARDED_AVAILABILITY = YES_AGGRESSIVE;
				CLANG_WARN_UNREACHABLE_CODE = YES;
				CLANG_WARN__DUPLICATE_METHOD_MATCH = YES;
				CODE_SIGN_IDENTITY = "iPhone Developer";
				COPY_PHASE_STRIP = NO;
				DEBUG_INFORMATION_FORMAT = "dwarf-with-dsym";
				ENABLE_NS_ASSERTIONS = NO;
				ENABLE_STRICT_OBJC_MSGSEND = YES;
				GCC_C_LANGUAGE_STANDARD = gnu11;
				GCC_NO_COMMON_BLOCKS = YES;
				GCC_WARN_64_TO_32_BIT_CONVERSION = YES;
				GCC_WARN_ABOUT_RETURN_TYPE = YES_ERROR;
				GCC_WARN_UNDECLARED_SELECTOR = YES;
				GCC_WARN_UNINITIALIZED_AUTOS = YES_AGGRESSIVE;
				GCC_WARN_UNUSED_FUNCTION = YES;
				GCC_WARN_UNUSED_VARIABLE = YES;
				IPHONEOS_DEPLOYMENT_TARGET = 12.1;
				MTL_ENABLE_DEBUG_INFO = NO;
				MTL_FAST_MATH = YES;
				SDKROOT = iphoneos;
				SWIFT_COMPILATION_MODE = wholemodule;
				SWIFT_OPTIMIZATION_LEVEL = "-O";
				VALIDATE_PRODUCT = YES;
			};
			name = Release;
		};
		64D53CDC2225A47100300A97 /* Debug */ = {
			isa = XCBuildConfiguration;
			buildSettings = {
				ASSETCATALOG_COMPILER_APPICON_NAME = AppIcon;
				CODE_SIGN_STYLE = Automatic;
				DEVELOPMENT_TEAM = B8PR34D6DP;
				FRAMEWORK_SEARCH_PATHS = (
					"$(inherited)",
					"$(PROJECT_DIR)/Carthage/Build/iOS",
				);
				INFOPLIST_FILE = iOSCollectionViewDemoApp/Info.plist;
				IPHONEOS_DEPLOYMENT_TARGET = 11.0;
				LD_RUNPATH_SEARCH_PATHS = (
					"$(inherited)",
					"@executable_path/Frameworks",
				);
				PRODUCT_BUNDLE_IDENTIFIER = jp.yuoku.iOSCollectionViewDemoApp;
				PRODUCT_NAME = "$(TARGET_NAME)";
				SWIFT_VERSION = 4.2;
				TARGETED_DEVICE_FAMILY = "1,2";
			};
			name = Debug;
		};
		64D53CDD2225A47100300A97 /* Release */ = {
			isa = XCBuildConfiguration;
			buildSettings = {
				ASSETCATALOG_COMPILER_APPICON_NAME = AppIcon;
				CODE_SIGN_STYLE = Automatic;
				DEVELOPMENT_TEAM = B8PR34D6DP;
				FRAMEWORK_SEARCH_PATHS = (
					"$(inherited)",
					"$(PROJECT_DIR)/Carthage/Build/iOS",
				);
				INFOPLIST_FILE = iOSCollectionViewDemoApp/Info.plist;
				IPHONEOS_DEPLOYMENT_TARGET = 11.0;
				LD_RUNPATH_SEARCH_PATHS = (
					"$(inherited)",
					"@executable_path/Frameworks",
				);
				PRODUCT_BUNDLE_IDENTIFIER = jp.yuoku.iOSCollectionViewDemoApp;
				PRODUCT_NAME = "$(TARGET_NAME)";
				SWIFT_VERSION = 4.2;
				TARGETED_DEVICE_FAMILY = "1,2";
			};
			name = Release;
		};
		64D53CDF2225A47100300A97 /* Debug */ = {
			isa = XCBuildConfiguration;
			buildSettings = {
				ALWAYS_EMBED_SWIFT_STANDARD_LIBRARIES = YES;
				BUNDLE_LOADER = "$(TEST_HOST)";
				CODE_SIGN_STYLE = Automatic;
				DEVELOPMENT_TEAM = B8PR34D6DP;
				INFOPLIST_FILE = iOSCollectionViewDemoAppTests/Info.plist;
				LD_RUNPATH_SEARCH_PATHS = (
					"$(inherited)",
					"@executable_path/Frameworks",
					"@loader_path/Frameworks",
				);
				PRODUCT_BUNDLE_IDENTIFIER = jp.yuoku.iOSCollectionViewDemoAppTests;
				PRODUCT_NAME = "$(TARGET_NAME)";
				SWIFT_VERSION = 4.2;
				TARGETED_DEVICE_FAMILY = "1,2";
				TEST_HOST = "$(BUILT_PRODUCTS_DIR)/iOSCollectionViewDemoApp.app/iOSCollectionViewDemoApp";
			};
			name = Debug;
		};
		64D53CE02225A47100300A97 /* Release */ = {
			isa = XCBuildConfiguration;
			buildSettings = {
				ALWAYS_EMBED_SWIFT_STANDARD_LIBRARIES = YES;
				BUNDLE_LOADER = "$(TEST_HOST)";
				CODE_SIGN_STYLE = Automatic;
				DEVELOPMENT_TEAM = B8PR34D6DP;
				INFOPLIST_FILE = iOSCollectionViewDemoAppTests/Info.plist;
				LD_RUNPATH_SEARCH_PATHS = (
					"$(inherited)",
					"@executable_path/Frameworks",
					"@loader_path/Frameworks",
				);
				PRODUCT_BUNDLE_IDENTIFIER = jp.yuoku.iOSCollectionViewDemoAppTests;
				PRODUCT_NAME = "$(TARGET_NAME)";
				SWIFT_VERSION = 4.2;
				TARGETED_DEVICE_FAMILY = "1,2";
				TEST_HOST = "$(BUILT_PRODUCTS_DIR)/iOSCollectionViewDemoApp.app/iOSCollectionViewDemoApp";
			};
			name = Release;
		};
		64D53CE22225A47100300A97 /* Debug */ = {
			isa = XCBuildConfiguration;
			buildSettings = {
				ALWAYS_EMBED_SWIFT_STANDARD_LIBRARIES = YES;
				CODE_SIGN_STYLE = Automatic;
				DEVELOPMENT_TEAM = B8PR34D6DP;
				INFOPLIST_FILE = iOSCollectionViewDemoAppUITests/Info.plist;
				LD_RUNPATH_SEARCH_PATHS = (
					"$(inherited)",
					"@executable_path/Frameworks",
					"@loader_path/Frameworks",
				);
				PRODUCT_BUNDLE_IDENTIFIER = jp.yuoku.iOSCollectionViewDemoAppUITests;
				PRODUCT_NAME = "$(TARGET_NAME)";
				SWIFT_VERSION = 4.2;
				TARGETED_DEVICE_FAMILY = "1,2";
				TEST_TARGET_NAME = iOSCollectionViewDemoApp;
			};
			name = Debug;
		};
		64D53CE32225A47100300A97 /* Release */ = {
			isa = XCBuildConfiguration;
			buildSettings = {
				ALWAYS_EMBED_SWIFT_STANDARD_LIBRARIES = YES;
				CODE_SIGN_STYLE = Automatic;
				DEVELOPMENT_TEAM = B8PR34D6DP;
				INFOPLIST_FILE = iOSCollectionViewDemoAppUITests/Info.plist;
				LD_RUNPATH_SEARCH_PATHS = (
					"$(inherited)",
					"@executable_path/Frameworks",
					"@loader_path/Frameworks",
				);
				PRODUCT_BUNDLE_IDENTIFIER = jp.yuoku.iOSCollectionViewDemoAppUITests;
				PRODUCT_NAME = "$(TARGET_NAME)";
				SWIFT_VERSION = 4.2;
				TARGETED_DEVICE_FAMILY = "1,2";
				TEST_TARGET_NAME = iOSCollectionViewDemoApp;
			};
			name = Release;
		};
/* End XCBuildConfiguration section */

/* Begin XCConfigurationList section */
		64D53CAE2225A46F00300A97 /* Build configuration list for PBXProject "iOSCollectionViewDemoApp" */ = {
			isa = XCConfigurationList;
			buildConfigurations = (
				64D53CD92225A47100300A97 /* Debug */,
				64D53CDA2225A47100300A97 /* Release */,
			);
			defaultConfigurationIsVisible = 0;
			defaultConfigurationName = Release;
		};
		64D53CDB2225A47100300A97 /* Build configuration list for PBXNativeTarget "iOSCollectionViewDemoApp" */ = {
			isa = XCConfigurationList;
			buildConfigurations = (
				64D53CDC2225A47100300A97 /* Debug */,
				64D53CDD2225A47100300A97 /* Release */,
			);
			defaultConfigurationIsVisible = 0;
			defaultConfigurationName = Release;
		};
		64D53CDE2225A47100300A97 /* Build configuration list for PBXNativeTarget "iOSCollectionViewDemoAppTests" */ = {
			isa = XCConfigurationList;
			buildConfigurations = (
				64D53CDF2225A47100300A97 /* Debug */,
				64D53CE02225A47100300A97 /* Release */,
			);
			defaultConfigurationIsVisible = 0;
			defaultConfigurationName = Release;
		};
		64D53CE12225A47100300A97 /* Build configuration list for PBXNativeTarget "iOSCollectionViewDemoAppUITests" */ = {
			isa = XCConfigurationList;
			buildConfigurations = (
				64D53CE22225A47100300A97 /* Debug */,
				64D53CE32225A47100300A97 /* Release */,
			);
			defaultConfigurationIsVisible = 0;
			defaultConfigurationName = Release;
		};
/* End XCConfigurationList section */
	};
	rootObject = 64D53CAB2225A46F00300A97 /* Project object */;
}
